
Microsoft Visual Studio Solution File, Format Version 12.00
# Visual Studio Version 17
VisualStudioVersion = 17.7.34031.279
MinimumVisualStudioVersion = 10.0.40219.1
Project("{FAE04EC0-301F-11D3-BF4B-00C04F79EFBC}") = "Application4", "Application4.csproj", "{82EC6FF3-E384-49FA-A716-58C9030FC708}"
EndProject
Global
	GlobalSection(SolutionConfigurationPlatforms) = preSolution
		Debug|Any CPU = Debug|Any CPU
		Release|Any CPU = Release|Any CPU
	EndGlobalSection
	GlobalSection(ProjectConfigurationPlatforms) = postSolution
		{82EC6FF3-E384-49FA-A716-58C9030FC708}.Debug|Any CPU.ActiveCfg = Debug|Any CPU
		{82EC6FF3-E384-49FA-A716-58C9030FC708}.Debug|Any CPU.Build.0 = Debug|Any CPU
		{82EC6FF3-E384-49FA-A716-58C9030FC708}.Release|Any CPU.ActiveCfg = Release|Any CPU
		{82EC6FF3-E384-49FA-A716-58C9030FC708}.Release|Any CPU.Build.0 = Release|Any CPU
	EndGlobalSection
	GlobalSection(SolutionProperties) = preSolution
		HideSolutionNode = FALSE
	EndGlobalSection
	GlobalSection(ExtensibilityGlobals) = postSolution
		SolutionGuid = {F5C89FE2-B749-43FE-8FFE-BD775DD68D5E}
	EndGlobalSection
EndGlobal
